
Microsoft Visual Studio Solution File, Format Version 12.00
# Visual Studio Version 16
VisualStudioVersion = 16.0.31410.357
MinimumVisualStudioVersion = 10.0.40219.1
Project("{FAE04EC0-301F-11D3-BF4B-00C04F79EFBC}") = "CheckoutKata", "CheckoutKata\CheckoutKata.csproj", "{82FEE055-32F3-43A9-989E-0A35C5506A02}"
EndProject
Project("{FAE04EC0-301F-11D3-BF4B-00C04F79EFBC}") = "CheckoutKataTests", "CheckoutKataTests\CheckoutKataTests.csproj", "{C634C61F-194F-4D79-BF22-6D8E7262FE97}"
EndProject
Global
	GlobalSection(SolutionConfigurationPlatforms) = preSolution
		Debug|Any CPU = Debug|Any CPU
		Release|Any CPU = Release|Any CPU
	EndGlobalSection
	GlobalSection(ProjectConfigurationPlatforms) = postSolution
		{82FEE055-32F3-43A9-989E-0A35C5506A02}.Debug|Any CPU.ActiveCfg = Debug|Any CPU
		{82FEE055-32F3-43A9-989E-0A35C5506A02}.Debug|Any CPU.Build.0 = Debug|Any CPU
		{82FEE055-32F3-43A9-989E-0A35C5506A02}.Release|Any CPU.ActiveCfg = Release|Any CPU
		{82FEE055-32F3-43A9-989E-0A35C5506A02}.Release|Any CPU.Build.0 = Release|Any CPU
		{C634C61F-194F-4D79-BF22-6D8E7262FE97}.Debug|Any CPU.ActiveCfg = Debug|Any CPU
		{C634C61F-194F-4D79-BF22-6D8E7262FE97}.Debug|Any CPU.Build.0 = Debug|Any CPU
		{C634C61F-194F-4D79-BF22-6D8E7262FE97}.Release|Any CPU.ActiveCfg = Release|Any CPU
		{C634C61F-194F-4D79-BF22-6D8E7262FE97}.Release|Any CPU.Build.0 = Release|Any CPU
	EndGlobalSection
	GlobalSection(SolutionProperties) = preSolution
		HideSolutionNode = FALSE
	EndGlobalSection
	GlobalSection(ExtensibilityGlobals) = postSolution
		SolutionGuid = {6C88EF70-1D9E-43F2-A699-7A0501141822}
	EndGlobalSection
EndGlobal
